// !$*UTF8*$!
{
	archiveVersion = 1;
	classes = {
	};
	objectVersion = 46;
	objects = {

/* Begin PBXBuildFile section */
		59294E2B1AFC7147005AAD6D /* main.cpp in Sources */ = {isa = PBXBuildFile; fileRef = 59294E2A1AFC7147005AAD6D /* main.cpp */; };
/* End PBXBuildFile section */

/* Begin PBXCopyFilesBuildPhase section */
		59294E251AFC7147005AAD6D /* CopyFiles */ = {
			isa = PBXCopyFilesBuildPhase;
			buildActionMask = 2147483647;
			dstPath = /usr/share/man/man1/;
			dstSubfolderSpec = 0;
			files = (
			);
			runOnlyForDeploymentPostprocessing = 1;
		};
/* End PBXCopyFilesBuildPhase section */

/* Begin PBXFileReference section */
		59294E271AFC7147005AAD6D /* Cpp_Study_02 */ = {isa = PBXFileReference; explicitFileType = "compiled.mach-o.executable"; includeInIndex = 0; path = Cpp_Study_02; sourceTree = BUILT_PRODUCTS_DIR; };
		59294E2A1AFC7147005AAD6D /* main.cpp */ = {isa = PBXFileReference; lastKnownFileType = sourcecode.cpp.cpp; path = main.cpp; sourceTree = "<group>"; };
/* End PBXFileReference section */

/* Begin PBXFrameworksBuildPhase section */
		59294E241AFC7147005AAD6D /* Frameworks */ = {
			isa = PBXFrameworksBuildPhase;
			buildActionMask = 2147483647;
			files = (
			);
			runOnlyForDeploymentPostprocessing = 0;
		};
/* End PBXFrameworksBuildPhase section */

/* Begin PBXGroup section */
		59294E1E1AFC7147005AAD6D = {
			isa = PBXGroup;
			children = (
				59294E291AFC7147005AAD6D /* Cpp_Study_02 */,
				59294E281AFC7147005AAD6D /* Products */,
			);
			sourceTree = "<group>";
		};
		59294E281AFC7147005AAD6D /* Products */ = {
			isa = PBXGroup;
			children = (
				59294E271AFC7147005AAD6D /* Cpp_Study_02 */,
			);
			name = Products;
			sourceTree = "<group>";
		};
		59294E291AFC7147005AAD6D /* Cpp_Study_02 */ = {
			isa = PBXGroup;
			children = (
				59294E2A1AFC7147005AAD6D /* main.cpp */,
			);
			path = Cpp_Study_02;
			sourceTree = "<group>";
		};
/* End PBXGroup section */

/* Begin PBXNativeTarget section */
		59294E261AFC7147005AAD6D /* Cpp_Study_02 */ = {
			isa = PBXNativeTarget;
			buildConfigurationList = 59294E2E1AFC7147005AAD6D /* Build configuration list for PBXNativeTarget "Cpp_Study_02" */;
			buildPhases = (
				59294E231AFC7147005AAD6D /* Sources */,
				59294E241AFC7147005AAD6D /* Frameworks */,
				59294E251AFC7147005AAD6D /* CopyFiles */,
			);
			buildRules = (
			);
			dependencies = (
			);
			name = Cpp_Study_02;
			productName = Cpp_Study_02;
			productReference = 59294E271AFC7147005AAD6D /* Cpp_Study_02 */;
			productType = "com.apple.product-type.tool";
		};
/* End PBXNativeTarget section */

/* Begin PBXProject section */
		59294E1F1AFC7147005AAD6D /* Project object */ = {
			isa = PBXProject;
			attributes = {
				LastUpgradeCheck = 0630;
				ORGANIZATIONNAME = ShockRabbit;
				TargetAttributes = {
					59294E261AFC7147005AAD6D = {
						CreatedOnToolsVersion = 6.3;
					};
				};
			};
			buildConfigurationList = 59294E221AFC7147005AAD6D /* Build configuration list for PBXProject "Cpp_Study_02" */;
			compatibilityVersion = "Xcode 3.2";
			developmentRegion = English;
			hasScannedForEncodings = 0;
			knownRegions = (
				en,
			);
			mainGroup = 59294E1E1AFC7147005AAD6D;
			productRefGroup = 59294E281AFC7147005AAD6D /* Products */;
			projectDirPath = "";
			projectRoot = "";
			targets = (
				59294E261AFC7147005AAD6D /* Cpp_Study_02 */,
			);
		};
/* End PBXProject section */

/* Begin PBXSourcesBuildPhase section */
		59294E231AFC7147005AAD6D /* Sources */ = {
			isa = PBXSourcesBuildPhase;
			buildActionMask = 2147483647;
			files = (
				59294E2B1AFC7147005AAD6D /* main.cpp in Sources */,
			);
			runOnlyForDeploymentPostprocessing = 0;
		};
/* End PBXSourcesBuildPhase section */

/* Begin XCBuildConfiguration section */
		59294E2C1AFC7147005AAD6D /* Debug */ = {
			isa = XCBuildConfiguration;
			buildSettings = {
				ALWAYS_SEARCH_USER_PATHS = NO;
				CLANG_CXX_LANGUAGE_STANDARD = "gnu++0x";
				CLANG_CXX_LIBRARY = "libc++";
				CLANG_ENABLE_MODULES = YES;
				CLANG_ENABLE_OBJC_ARC = YES;
				CLANG_WARN_BOOL_CONVERSION = YES;
				CLANG_WARN_CONSTANT_CONVERSION = YES;
				CLANG_WARN_DIRECT_OBJC_ISA_USAGE = YES_ERROR;
				CLANG_WARN_EMPTY_BODY = YES;
				CLANG_WARN_ENUM_CONVERSION = YES;
				CLANG_WARN_INT_CONVERSION = YES;
				CLANG_WARN_OBJC_ROOT_CLASS = YES_ERROR;
				CLANG_WARN_UNREACHABLE_CODE = YES;
				CLANG_WARN__DUPLICATE_METHOD_MATCH = YES;
				COPY_PHASE_STRIP = NO;
				DEBUG_INFORMATION_FORMAT = dwarf;
				ENABLE_STRICT_OBJC_MSGSEND = YES;
				GCC_C_LANGUAGE_STANDARD = gnu99;
				GCC_DYNAMIC_NO_PIC = NO;
				GCC_NO_COMMON_BLOCKS = YES;
				GCC_OPTIMIZATION_LEVEL = 0;
				GCC_PREPROCESSOR_DEFINITIONS = (
					"DEBUG=1",
					"$(inherited)",
				);
				GCC_SYMBOLS_PRIVATE_EXTERN = NO;
				GCC_WARN_64_TO_32_BIT_CONVERSION = YES;
				GCC_WARN_ABOUT_RETURN_TYPE = YES_ERROR;
				GCC_WARN_UNDECLARED_SELECTOR = YES;
				GCC_WARN_UNINITIALIZED_AUTOS = YES_AGGRESSIVE;
				GCC_WARN_UNUSED_FUNCTION = YES;
				GCC_WARN_UNUSED_VARIABLE = YES;
				MACOSX_DEPLOYMENT_TARGET = 10.10;
				MTL_ENABLE_DEBUG_INFO = YES;
				ONLY_ACTIVE_ARCH = YES;
				SDKROOT = macosx;
			};
			name = Debug;
		};
		59294E2D1AFC7147005AAD6D /* Release */ = {
			isa = XCBuildConfiguration;
			buildSettings = {
				ALWAYS_SEARCH_USER_PATHS = NO;
				CLANG_CXX_LANGUAGE_STANDARD = "gnu++0x";
				CLANG_CXX_LIBRARY = "libc++";
				CLANG_ENABLE_MODULES = YES;
				CLANG_ENABLE_OBJC_ARC = YES;
				CLANG_WARN_BOOL_CONVERSION = YES;
				CLANG_WARN_CONSTANT_CONVERSION = YES;
				CLANG_WARN_DIRECT_OBJC_ISA_USAGE = YES_ERROR;
				CLANG_WARN_EMPTY_BODY = YES;
				CLANG_WARN_ENUM_CONVERSION = YES;
				CLANG_WARN_INT_CONVERSION = YES;
				CLANG_WARN_OBJC_ROOT_CLASS = YES_ERROR;
				CLANG_WARN_UNREACHABLE_CODE = YES;
				CLANG_WARN__DUPLICATE_METHOD_MATCH = YES;
				COPY_PHASE_STRIP = NO;
				DEBUG_INFORMATION_FORMAT = "dwarf-with-dsym";
				ENABLE_NS_ASSERTIONS = NO;
				ENABLE_STRICT_OBJC_MSGSEND = YES;
				GCC_C_LANGUAGE_STANDARD = gnu99;
				GCC_NO_COMMON_BLOCKS = YES;
				GCC_WARN_64_TO_32_BIT_CONVERSION = YES;
				GCC_WARN_ABOUT_RETURN_TYPE = YES_ERROR;
				GCC_WARN_UNDECLARED_SELECTOR = YES;
				GCC_WARN_UNINITIALIZED_AUTOS = YES_AGGRESSIVE;
				GCC_WARN_UNUSED_FUNCTION = YES;
				GCC_WARN_UNUSED_VARIABLE = YES;
				MACOSX_DEPLOYMENT_TARGET = 10.10;
				MTL_ENABLE_DEBUG_INFO = NO;
				SDKROOT = macosx;
			};
			name = Release;
		};
		59294E2F1AFC7147005AAD6D /* Debug */ = {
			isa = XCBuildConfiguration;
			buildSettings = {
				PRODUCT_NAME = "$(TARGET_NAME)";
			};
			name = Debug;
		};
		59294E301AFC7147005AAD6D /* Release */ = {
			isa = XCBuildConfiguration;
			buildSettings = {
				PRODUCT_NAME = "$(TARGET_NAME)";
			};
			name = Release;
		};
/* End XCBuildConfiguration section */

/* Begin XCConfigurationList section */
		59294E221AFC7147005AAD6D /* Build configuration list for PBXProject "Cpp_Study_02" */ = {
			isa = XCConfigurationList;
			buildConfigurations = (
				59294E2C1AFC7147005AAD6D /* Debug */,
				59294E2D1AFC7147005AAD6D /* Release */,
			);
			defaultConfigurationIsVisible = 0;
			defaultConfigurationName = Release;
		};
		59294E2E1AFC7147005AAD6D /* Build configuration list for PBXNativeTarget "Cpp_Study_02" */ = {
			isa = XCConfigurationList;
			buildConfigurations = (
				59294E2F1AFC7147005AAD6D /* Debug */,
				59294E301AFC7147005AAD6D /* Release */,
			);
			defaultConfigurationIsVisible = 0;
		};
/* End XCConfigurationList section */
	};
	rootObject = 59294E1F1AFC7147005AAD6D /* Project object */;
}
